
Microsoft Visual Studio Solution File, Format Version 12.00
# Visual Studio Version 17
VisualStudioVersion = 17.3.32901.215
MinimumVisualStudioVersion = 10.0.40219.1
Project("{FAE04EC0-301F-11D3-BF4B-00C04F79EFBC}") = "MicroservicesDotnetCore", "MicroservicesDotnetCore\MicroservicesDotnetCore.csproj", "{B86546E6-B54B-4802-A82C-A32250D2B379}"
EndProject
Project("{FAE04EC0-301F-11D3-BF4B-00C04F79EFBC}") = "EmployeeServiceAPI", "EmployeeServiceAPI\EmployeeServiceAPI.csproj", "{ACEFBB5D-DE1D-44E2-978D-4112A2C68C88}"
EndProject
Project("{FAE04EC0-301F-11D3-BF4B-00C04F79EFBC}") = "DepartmentServiceAPI", "DepartmentServiceAPI\DepartmentServiceAPI.csproj", "{DF9FB57D-1A01-4613-AA2D-F7A98D6E090F}"
EndProject
Global
	GlobalSection(SolutionConfigurationPlatforms) = preSolution
		Debug|Any CPU = Debug|Any CPU
		Release|Any CPU = Release|Any CPU
	EndGlobalSection
	GlobalSection(ProjectConfigurationPlatforms) = postSolution
		{B86546E6-B54B-4802-A82C-A32250D2B379}.Debug|Any CPU.ActiveCfg = Debug|Any CPU
		{B86546E6-B54B-4802-A82C-A32250D2B379}.Debug|Any CPU.Build.0 = Debug|Any CPU
		{B86546E6-B54B-4802-A82C-A32250D2B379}.Release|Any CPU.ActiveCfg = Release|Any CPU
		{B86546E6-B54B-4802-A82C-A32250D2B379}.Release|Any CPU.Build.0 = Release|Any CPU
		{ACEFBB5D-DE1D-44E2-978D-4112A2C68C88}.Debug|Any CPU.ActiveCfg = Debug|Any CPU
		{ACEFBB5D-DE1D-44E2-978D-4112A2C68C88}.Debug|Any CPU.Build.0 = Debug|Any CPU
		{ACEFBB5D-DE1D-44E2-978D-4112A2C68C88}.Release|Any CPU.ActiveCfg = Release|Any CPU
		{ACEFBB5D-DE1D-44E2-978D-4112A2C68C88}.Release|Any CPU.Build.0 = Release|Any CPU
		{DF9FB57D-1A01-4613-AA2D-F7A98D6E090F}.Debug|Any CPU.ActiveCfg = Debug|Any CPU
		{DF9FB57D-1A01-4613-AA2D-F7A98D6E090F}.Debug|Any CPU.Build.0 = Debug|Any CPU
		{DF9FB57D-1A01-4613-AA2D-F7A98D6E090F}.Release|Any CPU.ActiveCfg = Release|Any CPU
		{DF9FB57D-1A01-4613-AA2D-F7A98D6E090F}.Release|Any CPU.Build.0 = Release|Any CPU
	EndGlobalSection
	GlobalSection(SolutionProperties) = preSolution
		HideSolutionNode = FALSE
	EndGlobalSection
	GlobalSection(ExtensibilityGlobals) = postSolution
		SolutionGuid = {9138E404-69F5-4F01-AB4C-1CDA5283A2C4}
	EndGlobalSection
EndGlobal
